// !$*UTF8*$!
{
	archiveVersion = 1;
	classes = {
	};
	objectVersion = 50;
	objects = {

/* Begin PBXBuildFile section */
		147C660F2347FDC000BD17EF /* AppDelegate.swift in Sources */ = {isa = PBXBuildFile; fileRef = 147C660E2347FDC000BD17EF /* AppDelegate.swift */; };
		147C66142347FDC000BD17EF /* Main.storyboard in Resources */ = {isa = PBXBuildFile; fileRef = 147C66122347FDC000BD17EF /* Main.storyboard */; };
		147C66162347FDC500BD17EF /* Assets.xcassets in Resources */ = {isa = PBXBuildFile; fileRef = 147C66152347FDC500BD17EF /* Assets.xcassets */; };
		147C66192347FDC500BD17EF /* LaunchScreen.storyboard in Resources */ = {isa = PBXBuildFile; fileRef = 147C66172347FDC500BD17EF /* LaunchScreen.storyboard */; };
		147C662523480C3900BD17EF /* TodoListViewControllerTableViewController.swift in Sources */ = {isa = PBXBuildFile; fileRef = 147C662423480C3900BD17EF /* TodoListViewControllerTableViewController.swift */; };
		147C662723480CC200BD17EF /* TodoItem.swift in Sources */ = {isa = PBXBuildFile; fileRef = 147C662623480CC200BD17EF /* TodoItem.swift */; };
		147C662B2348138500BD17EF /* TodoAddViewController.swift in Sources */ = {isa = PBXBuildFile; fileRef = 147C662A2348138500BD17EF /* TodoAddViewController.swift */; };
/* End PBXBuildFile section */

/* Begin PBXFileReference section */
		147C660B2347FDC000BD17EF /* ex02.app */ = {isa = PBXFileReference; explicitFileType = wrapper.application; includeInIndex = 0; path = ex02.app; sourceTree = BUILT_PRODUCTS_DIR; };
		147C660E2347FDC000BD17EF /* AppDelegate.swift */ = {isa = PBXFileReference; lastKnownFileType = sourcecode.swift; path = AppDelegate.swift; sourceTree = "<group>"; };
		147C66132347FDC000BD17EF /* Base */ = {isa = PBXFileReference; lastKnownFileType = file.storyboard; name = Base; path = Base.lproj/Main.storyboard; sourceTree = "<group>"; };
		147C66152347FDC500BD17EF /* Assets.xcassets */ = {isa = PBXFileReference; lastKnownFileType = folder.assetcatalog; path = Assets.xcassets; sourceTree = "<group>"; };
		147C66182347FDC500BD17EF /* Base */ = {isa = PBXFileReference; lastKnownFileType = file.storyboard; name = Base; path = Base.lproj/LaunchScreen.storyboard; sourceTree = "<group>"; };
		147C661A2347FDC500BD17EF /* Info.plist */ = {isa = PBXFileReference; lastKnownFileType = text.plist.xml; path = Info.plist; sourceTree = "<group>"; };
		147C662423480C3900BD17EF /* TodoListViewControllerTableViewController.swift */ = {isa = PBXFileReference; lastKnownFileType = sourcecode.swift; path = TodoListViewControllerTableViewController.swift; sourceTree = "<group>"; };
		147C662623480CC200BD17EF /* TodoItem.swift */ = {isa = PBXFileReference; lastKnownFileType = sourcecode.swift; path = TodoItem.swift; sourceTree = "<group>"; };
		147C662A2348138500BD17EF /* TodoAddViewController.swift */ = {isa = PBXFileReference; lastKnownFileType = sourcecode.swift; path = TodoAddViewController.swift; sourceTree = "<group>"; };
/* End PBXFileReference section */

/* Begin PBXFrameworksBuildPhase section */
		147C66082347FDC000BD17EF /* Frameworks */ = {
			isa = PBXFrameworksBuildPhase;
			buildActionMask = 2147483647;
			files = (
			);
			runOnlyForDeploymentPostprocessing = 0;
		};
/* End PBXFrameworksBuildPhase section */

/* Begin PBXGroup section */
		147C66022347FDC000BD17EF = {
			isa = PBXGroup;
			children = (
				147C660D2347FDC000BD17EF /* ex02 */,
				147C660C2347FDC000BD17EF /* Products */,
			);
			sourceTree = "<group>";
		};
		147C660C2347FDC000BD17EF /* Products */ = {
			isa = PBXGroup;
			children = (
				147C660B2347FDC000BD17EF /* ex02.app */,
			);
			name = Products;
			sourceTree = "<group>";
		};
		147C660D2347FDC000BD17EF /* ex02 */ = {
			isa = PBXGroup;
			children = (
				147C662A2348138500BD17EF /* TodoAddViewController.swift */,
				147C660E2347FDC000BD17EF /* AppDelegate.swift */,
				147C662423480C3900BD17EF /* TodoListViewControllerTableViewController.swift */,
				147C66122347FDC000BD17EF /* Main.storyboard */,
				147C662623480CC200BD17EF /* TodoItem.swift */,
				147C66152347FDC500BD17EF /* Assets.xcassets */,
				147C66172347FDC500BD17EF /* LaunchScreen.storyboard */,
				147C661A2347FDC500BD17EF /* Info.plist */,
			);
			path = ex02;
			sourceTree = "<group>";
		};
/* End PBXGroup section */

/* Begin PBXNativeTarget section */
		147C660A2347FDC000BD17EF /* ex02 */ = {
			isa = PBXNativeTarget;
			buildConfigurationList = 147C661D2347FDC500BD17EF /* Build configuration list for PBXNativeTarget "ex02" */;
			buildPhases = (
				147C66072347FDC000BD17EF /* Sources */,
				147C66082347FDC000BD17EF /* Frameworks */,
				147C66092347FDC000BD17EF /* Resources */,
			);
			buildRules = (
			);
			dependencies = (
			);
			name = ex02;
			productName = ex02;
			productReference = 147C660B2347FDC000BD17EF /* ex02.app */;
			productType = "com.apple.product-type.application";
		};
/* End PBXNativeTarget section */

/* Begin PBXProject section */
		147C66032347FDC000BD17EF /* Project object */ = {
			isa = PBXProject;
			attributes = {
				LastSwiftUpdateCheck = 0940;
				LastUpgradeCheck = 0940;
				ORGANIZATIONNAME = "Ivan Kozlov";
				TargetAttributes = {
					147C660A2347FDC000BD17EF = {
						CreatedOnToolsVersion = 9.4.1;
					};
				};
			};
			buildConfigurationList = 147C66062347FDC000BD17EF /* Build configuration list for PBXProject "ex02" */;
			compatibilityVersion = "Xcode 9.3";
			developmentRegion = en;
			hasScannedForEncodings = 0;
			knownRegions = (
				en,
				Base,
			);
			mainGroup = 147C66022347FDC000BD17EF;
			productRefGroup = 147C660C2347FDC000BD17EF /* Products */;
			projectDirPath = "";
			projectRoot = "";
			targets = (
				147C660A2347FDC000BD17EF /* ex02 */,
			);
		};
/* End PBXProject section */

/* Begin PBXResourcesBuildPhase section */
		147C66092347FDC000BD17EF /* Resources */ = {
			isa = PBXResourcesBuildPhase;
			buildActionMask = 2147483647;
			files = (
				147C66192347FDC500BD17EF /* LaunchScreen.storyboard in Resources */,
				147C66162347FDC500BD17EF /* Assets.xcassets in Resources */,
				147C66142347FDC000BD17EF /* Main.storyboard in Resources */,
			);
			runOnlyForDeploymentPostprocessing = 0;
		};
/* End PBXResourcesBuildPhase section */

/* Begin PBXSourcesBuildPhase section */
		147C66072347FDC000BD17EF /* Sources */ = {
			isa = PBXSourcesBuildPhase;
			buildActionMask = 2147483647;
			files = (
				147C662B2348138500BD17EF /* TodoAddViewController.swift in Sources */,
				147C662523480C3900BD17EF /* TodoListViewControllerTableViewController.swift in Sources */,
				147C662723480CC200BD17EF /* TodoItem.swift in Sources */,
				147C660F2347FDC000BD17EF /* AppDelegate.swift in Sources */,
			);
			runOnlyForDeploymentPostprocessing = 0;
		};
/* End PBXSourcesBuildPhase section */

/* Begin PBXVariantGroup section */
		147C66122347FDC000BD17EF /* Main.storyboard */ = {
			isa = PBXVariantGroup;
			children = (
				147C66132347FDC000BD17EF /* Base */,
			);
			name = Main.storyboard;
			sourceTree = "<group>";
		};
		147C66172347FDC500BD17EF /* LaunchScreen.storyboard */ = {
			isa = PBXVariantGroup;
			children = (
				147C66182347FDC500BD17EF /* Base */,
			);
			name = LaunchScreen.storyboard;
			sourceTree = "<group>";
		};
/* End PBXVariantGroup section */

/* Begin XCBuildConfiguration section */
		147C661B2347FDC500BD17EF /* Debug */ = {
			isa = XCBuildConfiguration;
			buildSettings = {
				ALWAYS_SEARCH_USER_PATHS = NO;
				CLANG_ANALYZER_NONNULL = YES;
				CLANG_ANALYZER_NUMBER_OBJECT_CONVERSION = YES_AGGRESSIVE;
				CLANG_CXX_LANGUAGE_STANDARD = "gnu++14";
				CLANG_CXX_LIBRARY = "libc++";
				CLANG_ENABLE_MODULES = YES;
				CLANG_ENABLE_OBJC_ARC = YES;
				CLANG_ENABLE_OBJC_WEAK = YES;
				CLANG_WARN_BLOCK_CAPTURE_AUTORELEASING = YES;
				CLANG_WARN_BOOL_CONVERSION = YES;
				CLANG_WARN_COMMA = YES;
				CLANG_WARN_CONSTANT_CONVERSION = YES;
				CLANG_WARN_DEPRECATED_OBJC_IMPLEMENTATIONS = YES;
				CLANG_WARN_DIRECT_OBJC_ISA_USAGE = YES_ERROR;
				CLANG_WARN_DOCUMENTATION_COMMENTS = YES;
				CLANG_WARN_EMPTY_BODY = YES;
				CLANG_WARN_ENUM_CONVERSION = YES;
				CLANG_WARN_INFINITE_RECURSION = YES;
				CLANG_WARN_INT_CONVERSION = YES;
				CLANG_WARN_NON_LITERAL_NULL_CONVERSION = YES;
				CLANG_WARN_OBJC_IMPLICIT_RETAIN_SELF = YES;
				CLANG_WARN_OBJC_LITERAL_CONVERSION = YES;
				CLANG_WARN_OBJC_ROOT_CLASS = YES_ERROR;
				CLANG_WARN_RANGE_LOOP_ANALYSIS = YES;
				CLANG_WARN_STRICT_PROTOTYPES = YES;
				CLANG_WARN_SUSPICIOUS_MOVE = YES;
				CLANG_WARN_UNGUARDED_AVAILABILITY = YES_AGGRESSIVE;
				CLANG_WARN_UNREACHABLE_CODE = YES;
				CLANG_WARN__DUPLICATE_METHOD_MATCH = YES;
				CODE_SIGN_IDENTITY = "iPhone Developer";
				COPY_PHASE_STRIP = NO;
				DEBUG_INFORMATION_FORMAT = dwarf;
				ENABLE_STRICT_OBJC_MSGSEND = YES;
				ENABLE_TESTABILITY = YES;
				GCC_C_LANGUAGE_STANDARD = gnu11;
				GCC_DYNAMIC_NO_PIC = NO;
				GCC_NO_COMMON_BLOCKS = YES;
				GCC_OPTIMIZATION_LEVEL = 0;
				GCC_PREPROCESSOR_DEFINITIONS = (
					"DEBUG=1",
					"$(inherited)",
				);
				GCC_WARN_64_TO_32_BIT_CONVERSION = YES;
				GCC_WARN_ABOUT_RETURN_TYPE = YES_ERROR;
				GCC_WARN_UNDECLARED_SELECTOR = YES;
				GCC_WARN_UNINITIALIZED_AUTOS = YES_AGGRESSIVE;
				GCC_WARN_UNUSED_FUNCTION = YES;
				GCC_WARN_UNUSED_VARIABLE = YES;
				IPHONEOS_DEPLOYMENT_TARGET = 11.4;
				MTL_ENABLE_DEBUG_INFO = YES;
				ONLY_ACTIVE_ARCH = YES;
				SDKROOT = iphoneos;
				SWIFT_ACTIVE_COMPILATION_CONDITIONS = DEBUG;
				SWIFT_OPTIMIZATION_LEVEL = "-Onone";
			};
			name = Debug;
		};
		147C661C2347FDC500BD17EF /* Release */ = {
			isa = XCBuildConfiguration;
			buildSettings = {
				ALWAYS_SEARCH_USER_PATHS = NO;
				CLANG_ANALYZER_NONNULL = YES;
				CLANG_ANALYZER_NUMBER_OBJECT_CONVERSION = YES_AGGRESSIVE;
				CLANG_CXX_LANGUAGE_STANDARD = "gnu++14";
				CLANG_CXX_LIBRARY = "libc++";
				CLANG_ENABLE_MODULES = YES;
				CLANG_ENABLE_OBJC_ARC = YES;
				CLANG_ENABLE_OBJC_WEAK = YES;
				CLANG_WARN_BLOCK_CAPTURE_AUTORELEASING = YES;
				CLANG_WARN_BOOL_CONVERSION = YES;
				CLANG_WARN_COMMA = YES;
				CLANG_WARN_CONSTANT_CONVERSION = YES;
				CLANG_WARN_DEPRECATED_OBJC_IMPLEMENTATIONS = YES;
				CLANG_WARN_DIRECT_OBJC_ISA_USAGE = YES_ERROR;
				CLANG_WARN_DOCUMENTATION_COMMENTS = YES;
				CLANG_WARN_EMPTY_BODY = YES;
				CLANG_WARN_ENUM_CONVERSION = YES;
				CLANG_WARN_INFINITE_RECURSION = YES;
				CLANG_WARN_INT_CONVERSION = YES;
				CLANG_WARN_NON_LITERAL_NULL_CONVERSION = YES;
				CLANG_WARN_OBJC_IMPLICIT_RETAIN_SELF = YES;
				CLANG_WARN_OBJC_LITERAL_CONVERSION = YES;
				CLANG_WARN_OBJC_ROOT_CLASS = YES_ERROR;
				CLANG_WARN_RANGE_LOOP_ANALYSIS = YES;
				CLANG_WARN_STRICT_PROTOTYPES = YES;
				CLANG_WARN_SUSPICIOUS_MOVE = YES;
				CLANG_WARN_UNGUARDED_AVAILABILITY = YES_AGGRESSIVE;
				CLANG_WARN_UNREACHABLE_CODE = YES;
				CLANG_WARN__DUPLICATE_METHOD_MATCH = YES;
				CODE_SIGN_IDENTITY = "iPhone Developer";
				COPY_PHASE_STRIP = NO;
				DEBUG_INFORMATION_FORMAT = "dwarf-with-dsym";
				ENABLE_NS_ASSERTIONS = NO;
				ENABLE_STRICT_OBJC_MSGSEND = YES;
				GCC_C_LANGUAGE_STANDARD = gnu11;
				GCC_NO_COMMON_BLOCKS = YES;
				GCC_WARN_64_TO_32_BIT_CONVERSION = YES;
				GCC_WARN_ABOUT_RETURN_TYPE = YES_ERROR;
				GCC_WARN_UNDECLARED_SELECTOR = YES;
				GCC_WARN_UNINITIALIZED_AUTOS = YES_AGGRESSIVE;
				GCC_WARN_UNUSED_FUNCTION = YES;
				GCC_WARN_UNUSED_VARIABLE = YES;
				IPHONEOS_DEPLOYMENT_TARGET = 11.4;
				MTL_ENABLE_DEBUG_INFO = NO;
				SDKROOT = iphoneos;
				SWIFT_COMPILATION_MODE = wholemodule;
				SWIFT_OPTIMIZATION_LEVEL = "-O";
				VALIDATE_PRODUCT = YES;
			};
			name = Release;
		};
		147C661E2347FDC500BD17EF /* Debug */ = {
			isa = XCBuildConfiguration;
			buildSettings = {
				ASSETCATALOG_COMPILER_APPICON_NAME = AppIcon;
				CODE_SIGN_STYLE = Automatic;
				INFOPLIST_FILE = ex02/Info.plist;
				LD_RUNPATH_SEARCH_PATHS = (
					"$(inherited)",
					"@executable_path/Frameworks",
				);
				PRODUCT_BUNDLE_IDENTIFIER = d02.ex02;
				PRODUCT_NAME = "$(TARGET_NAME)";
				SWIFT_VERSION = 4.0;
				TARGETED_DEVICE_FAMILY = "1,2";
			};
			name = Debug;
		};
		147C661F2347FDC500BD17EF /* Release */ = {
			isa = XCBuildConfiguration;
			buildSettings = {
				ASSETCATALOG_COMPILER_APPICON_NAME = AppIcon;
				CODE_SIGN_STYLE = Automatic;
				INFOPLIST_FILE = ex02/Info.plist;
				LD_RUNPATH_SEARCH_PATHS = (
					"$(inherited)",
					"@executable_path/Frameworks",
				);
				PRODUCT_BUNDLE_IDENTIFIER = d02.ex02;
				PRODUCT_NAME = "$(TARGET_NAME)";
				SWIFT_VERSION = 4.0;
				TARGETED_DEVICE_FAMILY = "1,2";
			};
			name = Release;
		};
/* End XCBuildConfiguration section */

/* Begin XCConfigurationList section */
		147C66062347FDC000BD17EF /* Build configuration list for PBXProject "ex02" */ = {
			isa = XCConfigurationList;
			buildConfigurations = (
				147C661B2347FDC500BD17EF /* Debug */,
				147C661C2347FDC500BD17EF /* Release */,
			);
			defaultConfigurationIsVisible = 0;
			defaultConfigurationName = Release;
		};
		147C661D2347FDC500BD17EF /* Build configuration list for PBXNativeTarget "ex02" */ = {
			isa = XCConfigurationList;
			buildConfigurations = (
				147C661E2347FDC500BD17EF /* Debug */,
				147C661F2347FDC500BD17EF /* Release */,
			);
			defaultConfigurationIsVisible = 0;
			defaultConfigurationName = Release;
		};
/* End XCConfigurationList section */
	};
	rootObject = 147C66032347FDC000BD17EF /* Project object */;
}
